// !$*UTF8*$!
{
	archiveVersion = 1;
	classes = {
	};
	objectVersion = 46;
	objects = {

/* Begin PBXBuildFile section */
		35F67A631C7C01D90000B57C /* main.m in Sources */ = {isa = PBXBuildFile; fileRef = 35F67A621C7C01D90000B57C /* main.m */; };
		35F67A661C7C01D90000B57C /* AppDelegate.m in Sources */ = {isa = PBXBuildFile; fileRef = 35F67A651C7C01D90000B57C /* AppDelegate.m */; };
		35F67A6C1C7C01D90000B57C /* Main.storyboard in Resources */ = {isa = PBXBuildFile; fileRef = 35F67A6A1C7C01D90000B57C /* Main.storyboard */; };
		35F67A6E1C7C01D90000B57C /* Assets.xcassets in Resources */ = {isa = PBXBuildFile; fileRef = 35F67A6D1C7C01D90000B57C /* Assets.xcassets */; };
		35F67A711C7C01D90000B57C /* LaunchScreen.storyboard in Resources */ = {isa = PBXBuildFile; fileRef = 35F67A6F1C7C01D90000B57C /* LaunchScreen.storyboard */; };
		35F67A7C1C7C01D90000B57C /* ____demoTests.m in Sources */ = {isa = PBXBuildFile; fileRef = 35F67A7B1C7C01D90000B57C /* ____demoTests.m */; };
		35F67A871C7C01D90000B57C /* ____demoUITests.m in Sources */ = {isa = PBXBuildFile; fileRef = 35F67A861C7C01D90000B57C /* ____demoUITests.m */; };
		35F67A961C7C055F0000B57C /* CTViewController.m in Sources */ = {isa = PBXBuildFile; fileRef = 35F67A951C7C055F0000B57C /* CTViewController.m */; };
		35F67A9A1C7C08BB0000B57C /* CTMenuView.xib in Resources */ = {isa = PBXBuildFile; fileRef = 35F67A991C7C08BB0000B57C /* CTMenuView.xib */; };
		35F67A9D1C7C2BFB0000B57C /* CTMenuView.m in Sources */ = {isa = PBXBuildFile; fileRef = 35F67A9C1C7C2BFB0000B57C /* CTMenuView.m */; };
/* End PBXBuildFile section */

/* Begin PBXContainerItemProxy section */
		35F67A781C7C01D90000B57C /* PBXContainerItemProxy */ = {
			isa = PBXContainerItemProxy;
			containerPortal = 35F67A561C7C01D90000B57C /* Project object */;
			proxyType = 1;
			remoteGlobalIDString = 35F67A5D1C7C01D90000B57C;
			remoteInfo = "抽屉效果demo";
		};
		35F67A831C7C01D90000B57C /* PBXContainerItemProxy */ = {
			isa = PBXContainerItemProxy;
			containerPortal = 35F67A561C7C01D90000B57C /* Project object */;
			proxyType = 1;
			remoteGlobalIDString = 35F67A5D1C7C01D90000B57C;
			remoteInfo = "抽屉效果demo";
		};
/* End PBXContainerItemProxy section */

/* Begin PBXFileReference section */
		35F67A5E1C7C01D90000B57C /* 抽屉效果demo.app */ = {isa = PBXFileReference; explicitFileType = wrapper.application; includeInIndex = 0; path = "抽屉效果demo.app"; sourceTree = BUILT_PRODUCTS_DIR; };
		35F67A621C7C01D90000B57C /* main.m */ = {isa = PBXFileReference; lastKnownFileType = sourcecode.c.objc; path = main.m; sourceTree = "<group>"; };
		35F67A641C7C01D90000B57C /* AppDelegate.h */ = {isa = PBXFileReference; lastKnownFileType = sourcecode.c.h; path = AppDelegate.h; sourceTree = "<group>"; };
		35F67A651C7C01D90000B57C /* AppDelegate.m */ = {isa = PBXFileReference; lastKnownFileType = sourcecode.c.objc; path = AppDelegate.m; sourceTree = "<group>"; };
		35F67A6B1C7C01D90000B57C /* Base */ = {isa = PBXFileReference; lastKnownFileType = file.storyboard; name = Base; path = Base.lproj/Main.storyboard; sourceTree = "<group>"; };
		35F67A6D1C7C01D90000B57C /* Assets.xcassets */ = {isa = PBXFileReference; lastKnownFileType = folder.assetcatalog; path = Assets.xcassets; sourceTree = "<group>"; };
		35F67A701C7C01D90000B57C /* Base */ = {isa = PBXFileReference; lastKnownFileType = file.storyboard; name = Base; path = Base.lproj/LaunchScreen.storyboard; sourceTree = "<group>"; };
		35F67A721C7C01D90000B57C /* Info.plist */ = {isa = PBXFileReference; lastKnownFileType = text.plist.xml; path = Info.plist; sourceTree = "<group>"; };
		35F67A771C7C01D90000B57C /* 抽屉效果demoTests.xctest */ = {isa = PBXFileReference; explicitFileType = wrapper.cfbundle; includeInIndex = 0; path = "抽屉效果demoTests.xctest"; sourceTree = BUILT_PRODUCTS_DIR; };
		35F67A7B1C7C01D90000B57C /* ____demoTests.m */ = {isa = PBXFileReference; lastKnownFileType = sourcecode.c.objc; path = "____demoTests.m"; sourceTree = "<group>"; };
		35F67A7D1C7C01D90000B57C /* Info.plist */ = {isa = PBXFileReference; lastKnownFileType = text.plist.xml; path = Info.plist; sourceTree = "<group>"; };
		35F67A821C7C01D90000B57C /* 抽屉效果demoUITests.xctest */ = {isa = PBXFileReference; explicitFileType = wrapper.cfbundle; includeInIndex = 0; path = "抽屉效果demoUITests.xctest"; sourceTree = BUILT_PRODUCTS_DIR; };
		35F67A861C7C01D90000B57C /* ____demoUITests.m */ = {isa = PBXFileReference; lastKnownFileType = sourcecode.c.objc; path = "____demoUITests.m"; sourceTree = "<group>"; };
		35F67A881C7C01D90000B57C /* Info.plist */ = {isa = PBXFileReference; lastKnownFileType = text.plist.xml; path = Info.plist; sourceTree = "<group>"; };
		35F67A941C7C055F0000B57C /* CTViewController.h */ = {isa = PBXFileReference; fileEncoding = 4; lastKnownFileType = sourcecode.c.h; path = CTViewController.h; sourceTree = "<group>"; };
		35F67A951C7C055F0000B57C /* CTViewController.m */ = {isa = PBXFileReference; fileEncoding = 4; lastKnownFileType = sourcecode.c.objc; path = CTViewController.m; sourceTree = "<group>"; };
		35F67A991C7C08BB0000B57C /* CTMenuView.xib */ = {isa = PBXFileReference; fileEncoding = 4; lastKnownFileType = file.xib; path = CTMenuView.xib; sourceTree = "<group>"; };
		35F67A9B1C7C2BFB0000B57C /* CTMenuView.h */ = {isa = PBXFileReference; fileEncoding = 4; lastKnownFileType = sourcecode.c.h; path = CTMenuView.h; sourceTree = "<group>"; };
		35F67A9C1C7C2BFB0000B57C /* CTMenuView.m */ = {isa = PBXFileReference; fileEncoding = 4; lastKnownFileType = sourcecode.c.objc; path = CTMenuView.m; sourceTree = "<group>"; };
/* End PBXFileReference section */

/* Begin PBXFrameworksBuildPhase section */
		35F67A5B1C7C01D90000B57C /* Frameworks */ = {
			isa = PBXFrameworksBuildPhase;
			buildActionMask = 2147483647;
			files = (
			);
			runOnlyForDeploymentPostprocessing = 0;
		};
		35F67A741C7C01D90000B57C /* Frameworks */ = {
			isa = PBXFrameworksBuildPhase;
			buildActionMask = 2147483647;
			files = (
			);
			runOnlyForDeploymentPostprocessing = 0;
		};
		35F67A7F1C7C01D90000B57C /* Frameworks */ = {
			isa = PBXFrameworksBuildPhase;
			buildActionMask = 2147483647;
			files = (
			);
			runOnlyForDeploymentPostprocessing = 0;
		};
/* End PBXFrameworksBuildPhase section */

/* Begin PBXGroup section */
		35F67A551C7C01D90000B57C = {
			isa = PBXGroup;
			children = (
				35F67A601C7C01D90000B57C /* 抽屉效果demo */,
				35F67A7A1C7C01D90000B57C /* 抽屉效果demoTests */,
				35F67A851C7C01D90000B57C /* 抽屉效果demoUITests */,
				35F67A5F1C7C01D90000B57C /* Products */,
			);
			sourceTree = "<group>";
		};
		35F67A5F1C7C01D90000B57C /* Products */ = {
			isa = PBXGroup;
			children = (
				35F67A5E1C7C01D90000B57C /* 抽屉效果demo.app */,
				35F67A771C7C01D90000B57C /* 抽屉效果demoTests.xctest */,
				35F67A821C7C01D90000B57C /* 抽屉效果demoUITests.xctest */,
			);
			name = Products;
			sourceTree = "<group>";
		};
		35F67A601C7C01D90000B57C /* 抽屉效果demo */ = {
			isa = PBXGroup;
			children = (
				35F67A981C7C086A0000B57C /* View */,
				35F67A971C7C056E0000B57C /* Controller */,
				35F67A641C7C01D90000B57C /* AppDelegate.h */,
				35F67A651C7C01D90000B57C /* AppDelegate.m */,
				35F67A6A1C7C01D90000B57C /* Main.storyboard */,
				35F67A6D1C7C01D90000B57C /* Assets.xcassets */,
				35F67A6F1C7C01D90000B57C /* LaunchScreen.storyboard */,
				35F67A721C7C01D90000B57C /* Info.plist */,
				35F67A611C7C01D90000B57C /* Supporting Files */,
			);
			path = "抽屉效果demo";
			sourceTree = "<group>";
		};
		35F67A611C7C01D90000B57C /* Supporting Files */ = {
			isa = PBXGroup;
			children = (
				35F67A621C7C01D90000B57C /* main.m */,
			);
			name = "Supporting Files";
			sourceTree = "<group>";
		};
		35F67A7A1C7C01D90000B57C /* 抽屉效果demoTests */ = {
			isa = PBXGroup;
			children = (
				35F67A7B1C7C01D90000B57C /* ____demoTests.m */,
				35F67A7D1C7C01D90000B57C /* Info.plist */,
			);
			path = "抽屉效果demoTests";
			sourceTree = "<group>";
		};
		35F67A851C7C01D90000B57C /* 抽屉效果demoUITests */ = {
			isa = PBXGroup;
			children = (
				35F67A861C7C01D90000B57C /* ____demoUITests.m */,
				35F67A881C7C01D90000B57C /* Info.plist */,
			);
			path = "抽屉效果demoUITests";
			sourceTree = "<group>";
		};
		35F67A971C7C056E0000B57C /* Controller */ = {
			isa = PBXGroup;
			children = (
				35F67A941C7C055F0000B57C /* CTViewController.h */,
				35F67A951C7C055F0000B57C /* CTViewController.m */,
			);
			name = Controller;
			sourceTree = "<group>";
		};
		35F67A981C7C086A0000B57C /* View */ = {
			isa = PBXGroup;
			children = (
				35F67A991C7C08BB0000B57C /* CTMenuView.xib */,
				35F67A9B1C7C2BFB0000B57C /* CTMenuView.h */,
				35F67A9C1C7C2BFB0000B57C /* CTMenuView.m */,
			);
			name = View;
			sourceTree = "<group>";
		};
/* End PBXGroup section */

/* Begin PBXNativeTarget section */
		35F67A5D1C7C01D90000B57C /* 抽屉效果demo */ = {
			isa = PBXNativeTarget;
			buildConfigurationList = 35F67A8B1C7C01D90000B57C /* Build configuration list for PBXNativeTarget "抽屉效果demo" */;
			buildPhases = (
				35F67A5A1C7C01D90000B57C /* Sources */,
				35F67A5B1C7C01D90000B57C /* Frameworks */,
				35F67A5C1C7C01D90000B57C /* Resources */,
			);
			buildRules = (
			);
			dependencies = (
			);
			name = "抽屉效果demo";
			productName = "抽屉效果demo";
			productReference = 35F67A5E1C7C01D90000B57C /* 抽屉效果demo.app */;
			productType = "com.apple.product-type.application";
		};
		35F67A761C7C01D90000B57C /* 抽屉效果demoTests */ = {
			isa = PBXNativeTarget;
			buildConfigurationList = 35F67A8E1C7C01D90000B57C /* Build configuration list for PBXNativeTarget "抽屉效果demoTests" */;
			buildPhases = (
				35F67A731C7C01D90000B57C /* Sources */,
				35F67A741C7C01D90000B57C /* Frameworks */,
				35F67A751C7C01D90000B57C /* Resources */,
			);
			buildRules = (
			);
			dependencies = (
				35F67A791C7C01D90000B57C /* PBXTargetDependency */,
			);
			name = "抽屉效果demoTests";
			productName = "抽屉效果demoTests";
			productReference = 35F67A771C7C01D90000B57C /* 抽屉效果demoTests.xctest */;
			productType = "com.apple.product-type.bundle.unit-test";
		};
		35F67A811C7C01D90000B57C /* 抽屉效果demoUITests */ = {
			isa = PBXNativeTarget;
			buildConfigurationList = 35F67A911C7C01D90000B57C /* Build configuration list for PBXNativeTarget "抽屉效果demoUITests" */;
			buildPhases = (
				35F67A7E1C7C01D90000B57C /* Sources */,
				35F67A7F1C7C01D90000B57C /* Frameworks */,
				35F67A801C7C01D90000B57C /* Resources */,
			);
			buildRules = (
			);
			dependencies = (
				35F67A841C7C01D90000B57C /* PBXTargetDependency */,
			);
			name = "抽屉效果demoUITests";
			productName = "抽屉效果demoUITests";
			productReference = 35F67A821C7C01D90000B57C /* 抽屉效果demoUITests.xctest */;
			productType = "com.apple.product-type.bundle.ui-testing";
		};
/* End PBXNativeTarget section */

/* Begin PBXProject section */
		35F67A561C7C01D90000B57C /* Project object */ = {
			isa = PBXProject;
			attributes = {
				LastUpgradeCheck = 0720;
				ORGANIZATIONNAME = "001号";
				TargetAttributes = {
					35F67A5D1C7C01D90000B57C = {
						CreatedOnToolsVersion = 7.2.1;
					};
					35F67A761C7C01D90000B57C = {
						CreatedOnToolsVersion = 7.2.1;
						TestTargetID = 35F67A5D1C7C01D90000B57C;
					};
					35F67A811C7C01D90000B57C = {
						CreatedOnToolsVersion = 7.2.1;
						TestTargetID = 35F67A5D1C7C01D90000B57C;
					};
				};
			};
			buildConfigurationList = 35F67A591C7C01D90000B57C /* Build configuration list for PBXProject "抽屉效果demo" */;
			compatibilityVersion = "Xcode 3.2";
			developmentRegion = English;
			hasScannedForEncodings = 0;
			knownRegions = (
				en,
				Base,
			);
			mainGroup = 35F67A551C7C01D90000B57C;
			productRefGroup = 35F67A5F1C7C01D90000B57C /* Products */;
			projectDirPath = "";
			projectRoot = "";
			targets = (
				35F67A5D1C7C01D90000B57C /* 抽屉效果demo */,
				35F67A761C7C01D90000B57C /* 抽屉效果demoTests */,
				35F67A811C7C01D90000B57C /* 抽屉效果demoUITests */,
			);
		};
/* End PBXProject section */

/* Begin PBXResourcesBuildPhase section */
		35F67A5C1C7C01D90000B57C /* Resources */ = {
			isa = PBXResourcesBuildPhase;
			buildActionMask = 2147483647;
			files = (
				35F67A711C7C01D90000B57C /* LaunchScreen.storyboard in Resources */,
				35F67A6E1C7C01D90000B57C /* Assets.xcassets in Resources */,
				35F67A9A1C7C08BB0000B57C /* CTMenuView.xib in Resources */,
				35F67A6C1C7C01D90000B57C /* Main.storyboard in Resources */,
			);
			runOnlyForDeploymentPostprocessing = 0;
		};
		35F67A751C7C01D90000B57C /* Resources */ = {
			isa = PBXResourcesBuildPhase;
			buildActionMask = 2147483647;
			files = (
			);
			runOnlyForDeploymentPostprocessing = 0;
		};
		35F67A801C7C01D90000B57C /* Resources */ = {
			isa = PBXResourcesBuildPhase;
			buildActionMask = 2147483647;
			files = (
			);
			runOnlyForDeploymentPostprocessing = 0;
		};
/* End PBXResourcesBuildPhase section */

/* Begin PBXSourcesBuildPhase section */
		35F67A5A1C7C01D90000B57C /* Sources */ = {
			isa = PBXSourcesBuildPhase;
			buildActionMask = 2147483647;
			files = (
				35F67A661C7C01D90000B57C /* AppDelegate.m in Sources */,
				35F67A631C7C01D90000B57C /* main.m in Sources */,
				35F67A9D1C7C2BFB0000B57C /* CTMenuView.m in Sources */,
				35F67A961C7C055F0000B57C /* CTViewController.m in Sources */,
			);
			runOnlyForDeploymentPostprocessing = 0;
		};
		35F67A731C7C01D90000B57C /* Sources */ = {
			isa = PBXSourcesBuildPhase;
			buildActionMask = 2147483647;
			files = (
				35F67A7C1C7C01D90000B57C /* ____demoTests.m in Sources */,
			);
			runOnlyForDeploymentPostprocessing = 0;
		};
		35F67A7E1C7C01D90000B57C /* Sources */ = {
			isa = PBXSourcesBuildPhase;
			buildActionMask = 2147483647;
			files = (
				35F67A871C7C01D90000B57C /* ____demoUITests.m in Sources */,
			);
			runOnlyForDeploymentPostprocessing = 0;
		};
/* End PBXSourcesBuildPhase section */

/* Begin PBXTargetDependency section */
		35F67A791C7C01D90000B57C /* PBXTargetDependency */ = {
			isa = PBXTargetDependency;
			target = 35F67A5D1C7C01D90000B57C /* 抽屉效果demo */;
			targetProxy = 35F67A781C7C01D90000B57C /* PBXContainerItemProxy */;
		};
		35F67A841C7C01D90000B57C /* PBXTargetDependency */ = {
			isa = PBXTargetDependency;
			target = 35F67A5D1C7C01D90000B57C /* 抽屉效果demo */;
			targetProxy = 35F67A831C7C01D90000B57C /* PBXContainerItemProxy */;
		};
/* End PBXTargetDependency section */

/* Begin PBXVariantGroup section */
		35F67A6A1C7C01D90000B57C /* Main.storyboard */ = {
			isa = PBXVariantGroup;
			children = (
				35F67A6B1C7C01D90000B57C /* Base */,
			);
			name = Main.storyboard;
			sourceTree = "<group>";
		};
		35F67A6F1C7C01D90000B57C /* LaunchScreen.storyboard */ = {
			isa = PBXVariantGroup;
			children = (
				35F67A701C7C01D90000B57C /* Base */,
			);
			name = LaunchScreen.storyboard;
			sourceTree = "<group>";
		};
/* End PBXVariantGroup section */

/* Begin XCBuildConfiguration section */
		35F67A891C7C01D90000B57C /* Debug */ = {
			isa = XCBuildConfiguration;
			buildSettings = {
				ALWAYS_SEARCH_USER_PATHS = NO;
				CLANG_CXX_LANGUAGE_STANDARD = "gnu++0x";
				CLANG_CXX_LIBRARY = "libc++";
				CLANG_ENABLE_MODULES = YES;
				CLANG_ENABLE_OBJC_ARC = YES;
				CLANG_WARN_BOOL_CONVERSION = YES;
				CLANG_WARN_CONSTANT_CONVERSION = YES;
				CLANG_WARN_DIRECT_OBJC_ISA_USAGE = YES_ERROR;
				CLANG_WARN_EMPTY_BODY = YES;
				CLANG_WARN_ENUM_CONVERSION = YES;
				CLANG_WARN_INT_CONVERSION = YES;
				CLANG_WARN_OBJC_ROOT_CLASS = YES_ERROR;
				CLANG_WARN_UNREACHABLE_CODE = YES;
				CLANG_WARN__DUPLICATE_METHOD_MATCH = YES;
				"CODE_SIGN_IDENTITY[sdk=iphoneos*]" = "iPhone Developer";
				COPY_PHASE_STRIP = NO;
				DEBUG_INFORMATION_FORMAT = dwarf;
				ENABLE_STRICT_OBJC_MSGSEND = YES;
				ENABLE_TESTABILITY = YES;
				GCC_C_LANGUAGE_STANDARD = gnu99;
				GCC_DYNAMIC_NO_PIC = NO;
				GCC_NO_COMMON_BLOCKS = YES;
				GCC_OPTIMIZATION_LEVEL = 0;
				GCC_PREPROCESSOR_DEFINITIONS = (
					"DEBUG=1",
					"$(inherited)",
				);
				GCC_WARN_64_TO_32_BIT_CONVERSION = YES;
				GCC_WARN_ABOUT_RETURN_TYPE = YES_ERROR;
				GCC_WARN_UNDECLARED_SELECTOR = YES;
				GCC_WARN_UNINITIALIZED_AUTOS = YES_AGGRESSIVE;
				GCC_WARN_UNUSED_FUNCTION = YES;
				GCC_WARN_UNUSED_VARIABLE = YES;
				IPHONEOS_DEPLOYMENT_TARGET = 9.2;
				MTL_ENABLE_DEBUG_INFO = YES;
				ONLY_ACTIVE_ARCH = YES;
				SDKROOT = iphoneos;
				TARGETED_DEVICE_FAMILY = "1,2";
			};
			name = Debug;
		};
		35F67A8A1C7C01D90000B57C /* Release */ = {
			isa = XCBuildConfiguration;
			buildSettings = {
				ALWAYS_SEARCH_USER_PATHS = NO;
				CLANG_CXX_LANGUAGE_STANDARD = "gnu++0x";
				CLANG_CXX_LIBRARY = "libc++";
				CLANG_ENABLE_MODULES = YES;
				CLANG_ENABLE_OBJC_ARC = YES;
				CLANG_WARN_BOOL_CONVERSION = YES;
				CLANG_WARN_CONSTANT_CONVERSION = YES;
				CLANG_WARN_DIRECT_OBJC_ISA_USAGE = YES_ERROR;
				CLANG_WARN_EMPTY_BODY = YES;
				CLANG_WARN_ENUM_CONVERSION = YES;
				CLANG_WARN_INT_CONVERSION = YES;
				CLANG_WARN_OBJC_ROOT_CLASS = YES_ERROR;
				CLANG_WARN_UNREACHABLE_CODE = YES;
				CLANG_WARN__DUPLICATE_METHOD_MATCH = YES;
				"CODE_SIGN_IDENTITY[sdk=iphoneos*]" = "iPhone Developer";
				COPY_PHASE_STRIP = NO;
				DEBUG_INFORMATION_FORMAT = "dwarf-with-dsym";
				ENABLE_NS_ASSERTIONS = NO;
				ENABLE_STRICT_OBJC_MSGSEND = YES;
				GCC_C_LANGUAGE_STANDARD = gnu99;
				GCC_NO_COMMON_BLOCKS = YES;
				GCC_WARN_64_TO_32_BIT_CONVERSION = YES;
				GCC_WARN_ABOUT_RETURN_TYPE = YES_ERROR;
				GCC_WARN_UNDECLARED_SELECTOR = YES;
				GCC_WARN_UNINITIALIZED_AUTOS = YES_AGGRESSIVE;
				GCC_WARN_UNUSED_FUNCTION = YES;
				GCC_WARN_UNUSED_VARIABLE = YES;
				IPHONEOS_DEPLOYMENT_TARGET = 9.2;
				MTL_ENABLE_DEBUG_INFO = NO;
				SDKROOT = iphoneos;
				TARGETED_DEVICE_FAMILY = "1,2";
				VALIDATE_PRODUCT = YES;
			};
			name = Release;
		};
		35F67A8C1C7C01D90000B57C /* Debug */ = {
			isa = XCBuildConfiguration;
			buildSettings = {
				ASSETCATALOG_COMPILER_APPICON_NAME = AppIcon;
				INFOPLIST_FILE = "抽屉效果demo/Info.plist";
				IPHONEOS_DEPLOYMENT_TARGET = 8.0;
				LD_RUNPATH_SEARCH_PATHS = "$(inherited) @executable_path/Frameworks";
				PRODUCT_BUNDLE_IDENTIFIER = "---.----demo";
				PRODUCT_NAME = "$(TARGET_NAME)";
			};
			name = Debug;
		};
		35F67A8D1C7C01D90000B57C /* Release */ = {
			isa = XCBuildConfiguration;
			buildSettings = {
				ASSETCATALOG_COMPILER_APPICON_NAME = AppIcon;
				INFOPLIST_FILE = "抽屉效果demo/Info.plist";
				IPHONEOS_DEPLOYMENT_TARGET = 8.0;
				LD_RUNPATH_SEARCH_PATHS = "$(inherited) @executable_path/Frameworks";
				PRODUCT_BUNDLE_IDENTIFIER = "---.----demo";
				PRODUCT_NAME = "$(TARGET_NAME)";
			};
			name = Release;
		};
		35F67A8F1C7C01D90000B57C /* Debug */ = {
			isa = XCBuildConfiguration;
			buildSettings = {
				BUNDLE_LOADER = "$(TEST_HOST)";
				INFOPLIST_FILE = "抽屉效果demoTests/Info.plist";
				LD_RUNPATH_SEARCH_PATHS = "$(inherited) @executable_path/Frameworks @loader_path/Frameworks";
				PRODUCT_BUNDLE_IDENTIFIER = "---.----demoTests";
				PRODUCT_NAME = "$(TARGET_NAME)";
				TEST_HOST = "$(BUILT_PRODUCTS_DIR)/抽屉效果demo.app/抽屉效果demo";
			};
			name = Debug;
		};
		35F67A901C7C01D90000B57C /* Release */ = {
			isa = XCBuildConfiguration;
			buildSettings = {
				BUNDLE_LOADER = "$(TEST_HOST)";
				INFOPLIST_FILE = "抽屉效果demoTests/Info.plist";
				LD_RUNPATH_SEARCH_PATHS = "$(inherited) @executable_path/Frameworks @loader_path/Frameworks";
				PRODUCT_BUNDLE_IDENTIFIER = "---.----demoTests";
				PRODUCT_NAME = "$(TARGET_NAME)";
				TEST_HOST = "$(BUILT_PRODUCTS_DIR)/抽屉效果demo.app/抽屉效果demo";
			};
			name = Release;
		};
		35F67A921C7C01D90000B57C /* Debug */ = {
			isa = XCBuildConfiguration;
			buildSettings = {
				INFOPLIST_FILE = "抽屉效果demoUITests/Info.plist";
				LD_RUNPATH_SEARCH_PATHS = "$(inherited) @executable_path/Frameworks @loader_path/Frameworks";
				PRODUCT_BUNDLE_IDENTIFIER = "---.----demoUITests";
				PRODUCT_NAME = "$(TARGET_NAME)";
				TEST_TARGET_NAME = "抽屉效果demo";
				USES_XCTRUNNER = YES;
			};
			name = Debug;
		};
		35F67A931C7C01D90000B57C /* Release */ = {
			isa = XCBuildConfiguration;
			buildSettings = {
				INFOPLIST_FILE = "抽屉效果demoUITests/Info.plist";
				LD_RUNPATH_SEARCH_PATHS = "$(inherited) @executable_path/Frameworks @loader_path/Frameworks";
				PRODUCT_BUNDLE_IDENTIFIER = "---.----demoUITests";
				PRODUCT_NAME = "$(TARGET_NAME)";
				TEST_TARGET_NAME = "抽屉效果demo";
				USES_XCTRUNNER = YES;
			};
			name = Release;
		};
/* End XCBuildConfiguration section */

/* Begin XCConfigurationList section */
		35F67A591C7C01D90000B57C /* Build configuration list for PBXProject "抽屉效果demo" */ = {
			isa = XCConfigurationList;
			buildConfigurations = (
				35F67A891C7C01D90000B57C /* Debug */,
				35F67A8A1C7C01D90000B57C /* Release */,
			);
			defaultConfigurationIsVisible = 0;
			defaultConfigurationName = Release;
		};
		35F67A8B1C7C01D90000B57C /* Build configuration list for PBXNativeTarget "抽屉效果demo" */ = {
			isa = XCConfigurationList;
			buildConfigurations = (
				35F67A8C1C7C01D90000B57C /* Debug */,
				35F67A8D1C7C01D90000B57C /* Release */,
			);
			defaultConfigurationIsVisible = 0;
		};
		35F67A8E1C7C01D90000B57C /* Build configuration list for PBXNativeTarget "抽屉效果demoTests" */ = {
			isa = XCConfigurationList;
			buildConfigurations = (
				35F67A8F1C7C01D90000B57C /* Debug */,
				35F67A901C7C01D90000B57C /* Release */,
			);
			defaultConfigurationIsVisible = 0;
		};
		35F67A911C7C01D90000B57C /* Build configuration list for PBXNativeTarget "抽屉效果demoUITests" */ = {
			isa = XCConfigurationList;
			buildConfigurations = (
				35F67A921C7C01D90000B57C /* Debug */,
				35F67A931C7C01D90000B57C /* Release */,
			);
			defaultConfigurationIsVisible = 0;
		};
/* End XCConfigurationList section */
	};
	rootObject = 35F67A561C7C01D90000B57C /* Project object */;
}
